{
    "_meta": {
        "hash": {
            "sha256": "ad9430c5c951a871644406001a634e9db91bf83487097bc2f092a625d8a5143d"
        },
        "pipfile-spec": 6,
        "requires": {
            "python_version": "3.7"
        },
        "sources": [
            {
                "name": "pypi",
                "url": "https://pypi.org/simple",
                "verify_ssl": true
            }
        ]
    },
    "default": {},
    "develop": {
        "attrs": {
            "hashes": [
                "sha256:2d27e3784d7a565d36ab851fe94887c5eccd6a463168875832a1be79c82828b4",
                "sha256:626ba8234211db98e869df76230a137c4c40a12d72445c45d5f5b716f076e2fd"
            ],
            "markers": "python_version >= '2.7' and python_version not in '3.0, 3.1, 3.2, 3.3, 3.4'",
            "version": "==21.4.0"
        },
        "autopep8": {
            "hashes": [
                "sha256:44f0932855039d2c15c4510d6df665e4730f2b8582704fa48f9c55bd3e17d979",
                "sha256:ed77137193bbac52d029a52c59bec1b0629b5a186c495f1eb21b126ac466083f"
            ],
            "index": "pypi",
            "version": "==1.6.0"
        },
        "backcall": {
            "hashes": [
                "sha256:5cbdbf27be5e7cfadb448baf0aa95508f91f2bbc6c6437cd9cd06e2a4c215e1e",
                "sha256:fbbce6a29f263178a1f7915c1940bde0ec2b2a967566fe1c65c1dfb7422bd255"
            ],
            "version": "==0.2.0"
        },
        "coverage": {
            "extras": [
                "toml"
            ],
            "hashes": [
                "sha256:1245ab82e8554fa88c4b2ab1e098ae051faac5af829efdcf2ce6b34dccd5567c",
                "sha256:1bc6d709939ff262fd1432f03f080c5042dc6508b6e0d3d20e61dd045456a1a0",
                "sha256:25e73d4c81efa8ea3785274a2f7f3bfbbeccb6fcba2a0bdd3be9223371c37554",
                "sha256:276b13cc085474e482566c477c25ed66a097b44c6e77132f3304ac0b039f83eb",
                "sha256:2aed4761809640f02e44e16b8b32c1a5dee5e80ea30a0ff0912158bde9c501f2",
                "sha256:2dd70a167843b4b4b2630c0c56f1b586fe965b4f8ac5da05b6690344fd065c6b",
                "sha256:352c68e233409c31048a3725c446a9e48bbff36e39db92774d4f2380d630d8f8",
                "sha256:3f2b05757c92ad96b33dbf8e8ec8d4ccb9af6ae3c9e9bd141c7cc44d20c6bcba",
                "sha256:448d7bde7ceb6c69e08474c2ddbc5b4cd13c9e4aa4a717467f716b5fc938a734",
                "sha256:463e52616ea687fd323888e86bf25e864a3cc6335a043fad6bbb037dbf49bbe2",
                "sha256:482fb42eea6164894ff82abbcf33d526362de5d1a7ed25af7ecbdddd28fc124f",
                "sha256:56c4a409381ddd7bbff134e9756077860d4e8a583d310a6f38a2315b9ce301d0",
                "sha256:56d296cbc8254a7dffdd7bcc2eb70be5a233aae7c01856d2d936f5ac4e8ac1f1",
                "sha256:5e15d424b8153756b7c903bde6d4610be0c3daca3986173c18dd5c1a1625e4cd",
                "sha256:618eeba986cea7f621d8607ee378ecc8c2504b98b3fdc4952b30fe3578304687",
                "sha256:61d47a897c1e91f33f177c21de897267b38fbb45f2cd8e22a710bcef1df09ac1",
                "sha256:621f6ea7260ea2ffdaec64fe5cb521669984f567b66f62f81445221d4754df4c",
                "sha256:6a5cdc3adb4f8bb8d8f5e64c2e9e282bc12980ef055ec6da59db562ee9bdfefa",
                "sha256:6c3f6158b02ac403868eea390930ae64e9a9a2a5bbfafefbb920d29258d9f2f8",
                "sha256:704f89b87c4f4737da2860695a18c852b78ec7279b24eedacab10b29067d3a38",
                "sha256:72128176fea72012063200b7b395ed8a57849282b207321124d7ff14e26988e8",
                "sha256:78fbb2be068a13a5d99dce9e1e7d168db880870f7bc73f876152130575bd6167",
                "sha256:7bff3a98f63b47464480de1b5bdd80c8fade0ba2832c9381253c9b74c4153c27",
                "sha256:84f2436d6742c01136dd940ee158bfc7cf5ced3da7e4c949662b8703b5cd8145",
                "sha256:9976fb0a5709988778ac9bc44f3d50fccd989987876dfd7716dee28beed0a9fa",
                "sha256:9ad0a117b8dc2061ce9461ea4c1b4799e55edceb236522c5b8f958ce9ed8fa9a",
                "sha256:9e3dd806f34de38d4c01416344e98eab2437ac450b3ae39c62a0ede2f8b5e4ed",
                "sha256:9eb494070aa060ceba6e4bbf44c1bc5fa97bfb883a0d9b0c9049415f9e944793",
                "sha256:9fde6b90889522c220dd56a670102ceef24955d994ff7af2cb786b4ba8fe11e4",
                "sha256:9fff3ff052922cb99f9e52f63f985d4f7a54f6b94287463bc66b7cdf3eb41217",
                "sha256:a06c358f4aed05fa1099c39decc8022261bb07dfadc127c08cfbd1391b09689e",
                "sha256:a4f923b9ab265136e57cc14794a15b9dcea07a9c578609cd5dbbfff28a0d15e6",
                "sha256:c5b81fb37db76ebea79aa963b76d96ff854e7662921ce742293463635a87a78d",
                "sha256:d5ed164af5c9078596cfc40b078c3b337911190d3faeac830c3f1274f26b8320",
                "sha256:d651fde74a4d3122e5562705824507e2f5b2d3d57557f1916c4b27635f8fbe3f",
                "sha256:de73fca6fb403dd72d4da517cfc49fcf791f74eee697d3219f6be29adf5af6ce",
                "sha256:e647a0be741edbb529a72644e999acb09f2ad60465f80757da183528941ff975",
                "sha256:e92c7a5f7d62edff50f60a045dc9542bf939758c95b2fcd686175dd10ce0ed10",
                "sha256:eeffd96882d8c06d31b65dddcf51db7c612547babc1c4c5db6a011abe9798525",
                "sha256:f5a4551dfd09c3bd12fca8144d47fe7745275adf3229b7223c2f9e29a975ebda",
                "sha256:fac0bcc5b7e8169bffa87f0dcc24435446d329cbc2b5486d155c2e0f3b493ae1"
            ],
            "markers": "python_version >= '3.7'",
            "version": "==6.3.1"
        },
        "decorator": {
            "hashes": [
                "sha256:637996211036b6385ef91435e4fae22989472f9d571faba8927ba8253acbc330",
                "sha256:b8c3f85900b9dc423225913c5aace94729fe1fa9763b38939a95226f02d37186"
            ],
            "markers": "python_version >= '3.5'",
            "version": "==5.1.1"
        },
        "flake8": {
            "hashes": [
                "sha256:479b1304f72536a55948cb40a32dce8bb0ffe3501e26eaf292c7e60eb5e0428d",
                "sha256:806e034dda44114815e23c16ef92f95c91e4c71100ff52813adf7132a6ad870d"
            ],
            "index": "pypi",
            "version": "==4.0.1"
        },
        "importlib-metadata": {
            "hashes": [
                "sha256:057e92c15bc8d9e8109738a48db0ccb31b4d9d5cfbee5a8670879a30be66304b",
                "sha256:b7e52a1f8dec14a75ea73e0891f3060099ca1d8e6a462a4dff11c3e119ea1b31"
            ],
            "markers": "python_version < '3.8'",
            "version": "==4.2.0"
        },
        "iniconfig": {
            "hashes": [
                "sha256:011e24c64b7f47f6ebd835bb12a743f2fbe9a26d4cecaa7f53bc4f35ee9da8b3",
                "sha256:bc3af051d7d14b2ee5ef9969666def0cd1a000e121eaea580d4a313df4b37f32"
            ],
            "version": "==1.1.1"
        },
        "ipython": {
            "hashes": [
                "sha256:55df3e0bd0f94e715abd968bedd89d4e8a7bce4bf498fb123fed4f5398fea874",
                "sha256:b5548ec5329a4bcf054a5deed5099b0f9622eb9ea51aaa7104d215fece201d8c"
            ],
            "index": "pypi",
            "version": "==7.31.1"
        },
        "isort": {
            "extras": [
                "pipfile"
            ],
            "hashes": [
                "sha256:6f62d78e2f89b4500b080fe3a81690850cd254227f27f75c3a0c491a1f351ba7",
                "sha256:e8443a5e7a020e9d7f97f1d7d9cd17c88bcb3bc7e218bf9cf5095fe550be2951"
            ],
            "index": "pypi",
            "version": "==5.10.1"
        },
        "jedi": {
            "hashes": [
                "sha256:637c9635fcf47945ceb91cd7f320234a7be540ded6f3e99a50cb6febdfd1ba8d",
                "sha256:74137626a64a99c8eb6ae5832d99b3bdd7d29a3850fe2aa80a4126b2a7d949ab"
            ],
            "markers": "python_version >= '3.6'",
            "version": "==0.18.1"
        },
        "matplotlib-inline": {
            "hashes": [
                "sha256:a04bfba22e0d1395479f866853ec1ee28eea1485c1d69a6faf00dc3e24ff34ee",
                "sha256:aed605ba3b72462d64d475a21a9296f400a19c4f74a31b59103d2a99ffd5aa5c"
            ],
            "markers": "python_version >= '3.5'",
            "version": "==0.1.3"
        },
        "mccabe": {
            "hashes": [
                "sha256:ab8a6258860da4b6677da4bd2fe5dc2c659cff31b3ee4f7f5d64e79735b80d42",
                "sha256:dd8d182285a0fe56bace7f45b5e7d1a6ebcbf524e8f3bd87eb0f125271b8831f"
            ],
            "version": "==0.6.1"
        },
        "packaging": {
            "hashes": [
                "sha256:dd47c42927d89ab911e606518907cc2d3a1f38bbd026385970643f9c5b8ecfeb",
                "sha256:ef103e05f519cdc783ae24ea4e2e0f508a9c99b2d4969652eed6a2e1ea5bd522"
            ],
            "markers": "python_version >= '3.6'",
            "version": "==21.3"
        },
        "parso": {
            "hashes": [
                "sha256:8c07be290bb59f03588915921e29e8a50002acaf2cdc5fa0e0114f91709fafa0",
                "sha256:c001d4636cd3aecdaf33cbb40aebb59b094be2a74c556778ef5576c175e19e75"
            ],
            "markers": "python_version >= '3.6'",
            "version": "==0.8.3"
        },
        "pexpect": {
            "hashes": [
                "sha256:0b48a55dcb3c05f3329815901ea4fc1537514d6ba867a152b581d69ae3710937",
                "sha256:fc65a43959d153d0114afe13997d439c22823a27cefceb5ff35c2178c6784c0c"
            ],
            "markers": "sys_platform != 'win32'",
            "version": "==4.8.0"
        },
        "pickleshare": {
            "hashes": [
                "sha256:87683d47965c1da65cdacaf31c8441d12b8044cdec9aca500cd78fc2c683afca",
                "sha256:9649af414d74d4df115d5d718f82acb59c9d418196b7b4290ed47a12ce62df56"
            ],
            "version": "==0.7.5"
        },
        "pluggy": {
            "hashes": [
                "sha256:4224373bacce55f955a878bf9cfa763c1e360858e330072059e10bad68531159",
                "sha256:74134bbf457f031a36d68416e1509f34bd5ccc019f0bcc952c7b909d06b37bd3"
            ],
            "markers": "python_version >= '3.6'",
            "version": "==1.0.0"
        },
        "prompt-toolkit": {
            "hashes": [
                "sha256:30129d870dcb0b3b6a53efdc9d0a83ea96162ffd28ffe077e94215b233dc670c",
                "sha256:9f1cd16b1e86c2968f2519d7fb31dd9d669916f515612c269d14e9ed52b51650"
            ],
            "markers": "python_full_version >= '3.6.2'",
            "version": "==3.0.28"
        },
        "ptyprocess": {
            "hashes": [
                "sha256:4b41f3967fce3af57cc7e94b888626c18bf37a083e3651ca8feeb66d492fef35",
                "sha256:5c5d0a3b48ceee0b48485e0c26037c0acd7d29765ca3fbb5cb3831d347423220"
            ],
            "version": "==0.7.0"
        },
        "py": {
            "hashes": [
                "sha256:51c75c4126074b472f746a24399ad32f6053d1b34b68d2fa41e558e6f4a98719",
                "sha256:607c53218732647dff4acdfcd50cb62615cedf612e72d1724fb1a0cc6405b378"
            ],
            "markers": "python_version >= '2.7' and python_version not in '3.0, 3.1, 3.2, 3.3, 3.4'",
            "version": "==1.11.0"
        },
        "pycodestyle": {
            "hashes": [
                "sha256:720f8b39dde8b293825e7ff02c475f3077124006db4f440dcbc9a20b76548a20",
                "sha256:eddd5847ef438ea1c7870ca7eb78a9d47ce0cdb4851a5523949f2601d0cbbe7f"
            ],
            "markers": "python_version >= '2.7' and python_version not in '3.0, 3.1, 3.2, 3.3, 3.4'",
            "version": "==2.8.0"
        },
        "pyflakes": {
            "hashes": [
                "sha256:05a85c2872edf37a4ed30b0cce2f6093e1d0581f8c19d7393122da7e25b2b24c",
                "sha256:3bb3a3f256f4b7968c9c788781e4ff07dce46bdf12339dcda61053375426ee2e"
            ],
            "markers": "python_version >= '2.7' and python_version not in '3.0, 3.1, 3.2, 3.3'",
            "version": "==2.4.0"
        },
        "pygments": {
            "hashes": [
                "sha256:44238f1b60a76d78fc8ca0528ee429702aae011c265fe6a8dd8b63049ae41c65",
                "sha256:4e426f72023d88d03b2fa258de560726ce890ff3b630f88c21cbb8b2503b8c6a"
            ],
            "markers": "python_version >= '3.5'",
            "version": "==2.11.2"
        },
        "pyparsing": {
            "hashes": [
                "sha256:18ee9022775d270c55187733956460083db60b37d0d0fb357445f3094eed3eea",
                "sha256:a6c06a88f252e6c322f65faf8f418b16213b51bdfaece0524c1c1bc30c63c484"
            ],
            "markers": "python_version >= '3.6'",
            "version": "==3.0.7"
        },
        "pytest": {
            "hashes": [
                "sha256:9ce3ff477af913ecf6321fe337b93a2c0dcf2a0a1439c43f5452112c1e4280db",
                "sha256:e30905a0c131d3d94b89624a1cc5afec3e0ba2fbdb151867d8e0ebd49850f171"
            ],
            "index": "pypi",
            "version": "==7.0.1"
        },
        "pytest-cov": {
            "hashes": [
                "sha256:578d5d15ac4a25e5f961c938b85a05b09fdaae9deef3bb6de9a6e766622ca7a6",
                "sha256:e7f0f5b1617d2210a2cabc266dfe2f4c75a8d32fb89eafb7ad9d06f6d076d470"
            ],
            "index": "pypi",
            "version": "==3.0.0"
        },
        "setuptools": {
            "hashes": [
                "sha256:43a5575eea6d3459789316e1596a3d2a0d215260cacf4189508112f35c9a145b",
                "sha256:66b8598da112b8dc8cd941d54cf63ef91d3b50657b374457eda5851f3ff6a899"
            ],
            "markers": "python_version >= '3.7'",
            "version": "==60.8.2"
        },
        "toml": {
            "hashes": [
                "sha256:806143ae5bfb6a3c6e736a764057db0e6a0e05e338b5630894a5f779cabb4f9b",
                "sha256:b3bda1d108d5dd99f4a20d24d9c348e91c4db7ab1b749200bded2f839ccbe68f"
            ],
            "markers": "python_version >= '2.6' and python_version not in '3.0, 3.1, 3.2, 3.3'",
            "version": "==0.10.2"
        },
        "tomli": {
            "hashes": [
                "sha256:939de3e7a6161af0c887ef91b7d41a53e7c5a1ca976325f429cb46ea9bc30ecc",
                "sha256:de526c12914f0c550d15924c62d72abc48d6fe7364aa87328337a31007fe8a4f"
            ],
            "markers": "python_version >= '3.7'",
            "version": "==2.0.1"
        },
        "traitlets": {
            "hashes": [
                "sha256:059f456c5a7c1c82b98c2e8c799f39c9b8128f6d0d46941ee118daace9eb70c7",
                "sha256:2d313cc50a42cd6c277e7d7dc8d4d7fedd06a2c215f78766ae7b1a66277e0033"
            ],
            "markers": "python_version >= '3.7'",
            "version": "==5.1.1"
        },
        "typing-extensions": {
            "hashes": [
                "sha256:4ca091dea149f945ec56afb48dae714f21e8692ef22a395223bcd328961b6a0e",
                "sha256:7f001e5ac290a0c0401508864c7ec868be4e701886d5b573a9528ed3973d9d3b"
            ],
            "markers": "python_version < '3.8'",
            "version": "==4.0.1"
        },
        "wcwidth": {
            "hashes": [
                "sha256:beb4802a9cebb9144e99086eff703a642a13d6a0052920003a230f3294bbe784",
                "sha256:c4d647b99872929fdb7bdcaa4fbe7f01413ed3d98077df798530e5b04f116c83"
            ],
            "version": "==0.2.5"
        },
        "zipp": {
            "hashes": [
                "sha256:9f50f446828eb9d45b267433fd3e9da8d801f614129124863f9c51ebceafb87d",
                "sha256:b47250dd24f92b7dd6a0a8fc5244da14608f3ca90a5efcd37a3b1642fac9a375"
            ],
            "markers": "python_version >= '3.7'",
            "version": "==3.7.0"
        }
    }
}
